{
  "lockfileVersion": 1,
  "workspaces": {
    "": {
      "name": "turkcellfrontend2025",
      "dependencies": {
        "bootstrap": "^5.3.3",
        "braces": "^3.0.3",
        "chokidar": "^4.0.3",
        "detect-libc": "^1.0.3",
        "fill-range": "^7.1.1",
        "immutable": "^5.0.3",
        "is-extglob": "^2.1.1",
        "is-glob": "^4.0.3",
        "is-number": "^7.0.0",
        "json-server": "^1.0.0-beta.3",
        "micromatch": "^4.0.8",
        "node-addon-api": "^7.1.1",
        "picomatch": "^2.3.1",
        "react": "^19.0.0",
        "react-app": "^1.1.2",
        "readdirp": "^4.1.1",
        "source-map-js": "^1.2.1",
        "to-regex-range": "^5.0.1",
      },
      "devDependencies": {
        "create-react": "^0.0.0",
        "sass": "^1.85.0",
        "tailwindcss": "^4.0.3",
      },
    },
  },
  "packages": {
    "@parcel/watcher": ["@parcel/watcher@2.5.0", "", { "dependencies": { "detect-libc": "^1.0.3", "is-glob": "^4.0.3", "micromatch": "^4.0.5", "node-addon-api": "^7.0.0" }, "optionalDependencies": { "@parcel/watcher-win32-x64": "2.5.0" } }, "sha512-i0GV1yJnm2n3Yq1qw6QrUrd/LI9bE8WEBOTtOkpCXHHdyN3TAGgqAK/DAT05z4fq2x04cARXt2pDmjWjL92iTQ=="],

    "@parcel/watcher-win32-x64": ["@parcel/watcher-win32-x64@2.5.0", "", { "os": "win32", "cpu": "x64" }, "sha512-lPrxve92zEHdgeff3aiu4gDOIt4u7sJYha6wbdEZDCDUhtjTsOMiaJzG5lMY4GkWH8p0fMmO2Ppq5G5XXG+DQw=="],

    "@polka/url": ["@polka/url@1.0.0-next.28", "", {}, "sha512-8LduaNlMZGwdZ6qWrKlfa+2M4gahzFkprZiAt2TF8uS0qQgBizKXpXURqvTJ4WtmupWxaLqjRb2UCTe72mu+Aw=="],

    "@popperjs/core": ["@popperjs/core@2.11.8", "", {}, "sha512-P1st0aksCrn9sGZhp8GMYwBnQsbvAWsZAX44oXNNvLHGqAOcoVxmjZiohstwQ7SqKnbR47akdNi+uleWD8+g6A=="],

    "@tinyhttp/accepts": ["@tinyhttp/accepts@2.2.3", "", { "dependencies": { "mime": "4.0.4", "negotiator": "^0.6.3" } }, "sha512-9pQN6pJAJOU3McmdJWTcyq7LLFW8Lj5q+DadyKcvp+sxMkEpktKX5sbfJgJuOvjk6+1xWl7pe0YL1US1vaO/1w=="],

    "@tinyhttp/app": ["@tinyhttp/app@2.5.0", "", { "dependencies": { "@tinyhttp/cookie": "2.1.1", "@tinyhttp/proxy-addr": "2.2.0", "@tinyhttp/req": "2.2.4", "@tinyhttp/res": "2.2.4", "@tinyhttp/router": "2.2.3", "header-range-parser": "1.1.3", "regexparam": "^2.0.2" } }, "sha512-mwVY6RhTqF/s49tqNqpkRWbXAC7OmfpxR6YI6atp9xDauUOv3n1hv38AKy89Ga8HC8G2p1KR9vPD66VmF6VMnw=="],

    "@tinyhttp/content-disposition": ["@tinyhttp/content-disposition@2.2.2", "", {}, "sha512-crXw1txzrS36huQOyQGYFvhTeLeG0Si1xu+/l6kXUVYpE0TjFjEZRqTbuadQLfKGZ0jaI+jJoRyqaWwxOSHW2g=="],

    "@tinyhttp/content-type": ["@tinyhttp/content-type@0.1.4", "", {}, "sha512-dl6f3SHIJPYbhsW1oXdrqOmLSQF/Ctlv3JnNfXAE22kIP7FosqJHxkz/qj2gv465prG8ODKH5KEyhBkvwrueKQ=="],

    "@tinyhttp/cookie": ["@tinyhttp/cookie@2.1.1", "", {}, "sha512-h/kL9jY0e0Dvad+/QU3efKZww0aTvZJslaHj3JTPmIPC9Oan9+kYqmh3M6L5JUQRuTJYFK2nzgL2iJtH2S+6dA=="],

    "@tinyhttp/cookie-signature": ["@tinyhttp/cookie-signature@2.1.1", "", {}, "sha512-VDsSMY5OJfQJIAtUgeQYhqMPSZptehFSfvEEtxr+4nldPA8IImlp3QVcOVuK985g4AFR4Hl1sCbWCXoqBnVWnw=="],

    "@tinyhttp/cors": ["@tinyhttp/cors@2.0.1", "", { "dependencies": { "@tinyhttp/vary": "^0.1.3" } }, "sha512-qrmo6WJuaiCzKWagv2yA/kw6hIISfF/hOqPWwmI6w0o8apeTMmRN3DoCFvQ/wNVuWVdU5J4KU7OX8aaSOEq51A=="],

    "@tinyhttp/encode-url": ["@tinyhttp/encode-url@2.1.1", "", {}, "sha512-AhY+JqdZ56qV77tzrBm0qThXORbsVjs/IOPgGCS7x/wWnsa/Bx30zDUU/jPAUcSzNOzt860x9fhdGpzdqbUeUw=="],

    "@tinyhttp/etag": ["@tinyhttp/etag@2.1.2", "", {}, "sha512-j80fPKimGqdmMh6962y+BtQsnYPVCzZfJw0HXjyH70VaJBHLKGF+iYhcKqzI3yef6QBNa8DKIPsbEYpuwApXTw=="],

    "@tinyhttp/forwarded": ["@tinyhttp/forwarded@2.1.1", "", {}, "sha512-nO3kq0R1LRl2+CAMlnggm22zE6sT8gfvGbNvSitV6F9eaUSurHP0A8YZFMihSkugHxK+uIegh1TKrqgD8+lyGQ=="],

    "@tinyhttp/logger": ["@tinyhttp/logger@2.0.0", "", { "dependencies": { "colorette": "^2.0.20", "dayjs": "^1.11.10", "http-status-emojis": "^2.2.0" } }, "sha512-8DfLQjGDIaIJeivYamVrrpmwmsGwS8wt2DGvzlcY5HEBagdiI4QJy/veAFcUHuaJqufn4wLwmn4q5VUkW8BCpQ=="],

    "@tinyhttp/proxy-addr": ["@tinyhttp/proxy-addr@2.2.0", "", { "dependencies": { "@tinyhttp/forwarded": "2.1.1", "ipaddr.js": "^2.2.0" } }, "sha512-WM/PPL9xNvrs7/8Om5nhKbke5FHrP3EfjOOR+wBnjgESfibqn0K7wdUTnzSLp1lBmemr88os1XvzwymSgaibyA=="],

    "@tinyhttp/req": ["@tinyhttp/req@2.2.4", "", { "dependencies": { "@tinyhttp/accepts": "2.2.3", "@tinyhttp/type-is": "2.2.4", "@tinyhttp/url": "2.1.1", "header-range-parser": "^1.1.3" } }, "sha512-lQAZIAo0NOeghxFOZS57tQzxpHSPPLs9T68Krq2BncEBImKwqaDKUt7M9Y5Kb+rvC/GwIL3LeErhkg7f5iG4IQ=="],

    "@tinyhttp/res": ["@tinyhttp/res@2.2.4", "", { "dependencies": { "@tinyhttp/content-disposition": "2.2.2", "@tinyhttp/cookie": "2.1.1", "@tinyhttp/cookie-signature": "2.1.1", "@tinyhttp/encode-url": "2.1.1", "@tinyhttp/req": "2.2.4", "@tinyhttp/send": "2.2.3", "@tinyhttp/vary": "^0.1.3", "es-escape-html": "^0.1.1", "mime": "4.0.4" } }, "sha512-ETBRShnO19oJyIg2XQHQoofXPWeTXPAuwnIVYkU8WaftvXd/Vz4y5+WFQDHUzKlmdGOw5fAFnrEU7pIVMeFeVA=="],

    "@tinyhttp/router": ["@tinyhttp/router@2.2.3", "", {}, "sha512-O0MQqWV3Vpg/uXsMYg19XsIgOhwjyhTYWh51Qng7bxqXixxx2PEvZWnFjP7c84K7kU/nUX41KpkEBTLnznk9/Q=="],

    "@tinyhttp/send": ["@tinyhttp/send@2.2.3", "", { "dependencies": { "@tinyhttp/content-type": "^0.1.4", "@tinyhttp/etag": "2.1.2", "mime": "4.0.4" } }, "sha512-o4cVHHGQ8WjVBS8UT0EE/2WnjoybrfXikHwsRoNlG1pfrC/Sd01u1N4Te8cOd/9aNGLr4mGxWb5qTm2RRtEi7g=="],

    "@tinyhttp/type-is": ["@tinyhttp/type-is@2.2.4", "", { "dependencies": { "@tinyhttp/content-type": "^0.1.4", "mime": "4.0.4" } }, "sha512-7F328NheridwjIfefBB2j1PEcKKABpADgv7aCJaE8x8EON77ZFrAkI3Rir7pGjopV7V9MBmW88xUQigBEX2rmQ=="],

    "@tinyhttp/url": ["@tinyhttp/url@2.1.1", "", {}, "sha512-POJeq2GQ5jI7Zrdmj22JqOijB5/GeX+LEX7DUdml1hUnGbJOTWDx7zf2b5cCERj7RoXL67zTgyzVblBJC+NJWg=="],

    "@tinyhttp/vary": ["@tinyhttp/vary@0.1.3", "", {}, "sha512-SoL83sQXAGiHN1jm2VwLUWQSQeDAAl1ywOm6T0b0Cg1CZhVsjoiZadmjhxF6FHCCY7OHHVaLnTgSMxTPIDLxMg=="],

    "bootstrap": ["bootstrap@5.3.3", "", { "peerDependencies": { "@popperjs/core": "^2.11.8" } }, "sha512-8HLCdWgyoMguSO9o+aH+iuZ+aht+mzW0u3HIMzVu7Srrpv7EBBxTnrFlSCskwdY1+EOFQSm7uMJhNQHkdPcmjg=="],

    "braces": ["braces@3.0.3", "", { "dependencies": { "fill-range": "^7.1.1" } }, "sha512-yQbXgO/OSZVD2IsiLlro+7Hf6Q18EJrKSEsdoMzKePKXct3gvD8oLcOQdIzGupr5Fj+EDe8gO/lxc1BzfMpxvA=="],

    "chalk": ["chalk@5.4.1", "", {}, "sha512-zgVZuo2WcZgfUEmsn6eO3kINexW8RAE4maiQ8QNs8CtpPCSyMiYsULR3HQYkm3w8FIA3SberyMJMSldGsW+U3w=="],

    "chokidar": ["chokidar@4.0.3", "", { "dependencies": { "readdirp": "^4.0.1" } }, "sha512-Qgzu8kfBvo+cA4962jnP1KkS6Dop5NS6g7R5LFYJr4b8Ub94PPQXUksCw9PvXoeXPRRddRNC5C1JQUR2SMGtnA=="],

    "colorette": ["colorette@2.0.20", "", {}, "sha512-IfEDxwoWIjkeXL1eXcDiow4UbKjhLdq6/EuSVR9GMN7KVH3r9gQ83e73hsz1Nd1T3ijd5xv1wcWRYO+D6kCI2w=="],

    "create-react": ["create-react@0.0.0", "", {}, "sha512-bf7JHslP3yrO7e5eSdphm7T4ZN2kkFaEel14Z0A5N27guNtmDpbwtSrytkhdoyjRNFrHGT5YA2f+xIOsuSFnxA=="],

    "dayjs": ["dayjs@1.11.13", "", {}, "sha512-oaMBel6gjolK862uaPQOVTA7q3TZhuSvuMQAAglQDOWYO9A91IrAOUJEyKVlqJlHE0vq5p5UXxzdPfMH/x6xNg=="],

    "detect-libc": ["detect-libc@1.0.3", "", { "bin": "bin/detect-libc.js" }, "sha512-pGjwhsmsp4kL2RTz08wcOlGN83otlqHeD/Z5T8GXZB+/YcpQ/dgo+lbU8ZsGxV0HIvqqxo9l7mqYwyYMD9bKDg=="],

    "dot-prop": ["dot-prop@9.0.0", "", { "dependencies": { "type-fest": "^4.18.2" } }, "sha512-1gxPBJpI/pcjQhKgIU91II6Wkay+dLcN3M6rf2uwP8hRur3HtQXjVrdAK3sjC0piaEuxzMwjXChcETiJl47lAQ=="],

    "es-escape-html": ["es-escape-html@0.1.1", "", {}, "sha512-yUx1o+8RsG7UlszmYPtks+dm6Lho2m8lgHMOsLJQsFI0R8XwUJwiMhM1M4E/S8QLeGyf6MkDV/pWgjQ0tdTSyQ=="],

    "eta": ["eta@3.5.0", "", {}, "sha512-e3x3FBvGzeCIHhF+zhK8FZA2vC5uFn6b4HJjegUbIWrDb4mJ7JjTGMJY9VGIbRVpmSwHopNiaJibhjIr+HfLug=="],

    "fill-range": ["fill-range@7.1.1", "", { "dependencies": { "to-regex-range": "^5.0.1" } }, "sha512-YsGpe3WHLK8ZYi4tWDg2Jy3ebRz2rXowDxnld4bkQB00cc/1Zw9AWnC0i9ztDJitivtQvaI9KaLyKrc+hBW0yg=="],

    "header-range-parser": ["header-range-parser@1.1.3", "", {}, "sha512-B9zCFt3jH8g09LR1vHL4pcAn8yMEtlSlOUdQemzHMRKMImNIhhszdeosYFfNW0WXKQtXIlWB+O4owHJKvEJYaA=="],

    "http-status-emojis": ["http-status-emojis@2.2.0", "", {}, "sha512-ompKtgwpx8ff0hsbpIB7oE4ax1LXoHmftsHHStMELX56ivG3GhofTX8ZHWlUaFKfGjcGjw6G3rPk7dJRXMmbbg=="],

    "immutable": ["immutable@5.0.3", "", {}, "sha512-P8IdPQHq3lA1xVeBRi5VPqUm5HDgKnx0Ru51wZz5mjxHr5n3RWhjIpOFU7ybkUxfB+5IToy+OLaHYDBIWsv+uw=="],

    "inflection": ["inflection@3.0.2", "", {}, "sha512-+Bg3+kg+J6JUWn8J6bzFmOWkTQ6L/NHfDRSYU+EVvuKHDxUDHAXgqixHfVlzuBQaPOTac8hn43aPhMNk6rMe3g=="],

    "ipaddr.js": ["ipaddr.js@2.2.0", "", {}, "sha512-Ag3wB2o37wslZS19hZqorUnrnzSkpOVy+IiiDEiTqNubEYpYuHWIf6K4psgN2ZWKExS4xhVCrRVfb/wfW8fWJA=="],

    "is-extglob": ["is-extglob@2.1.1", "", {}, "sha512-SbKbANkN603Vi4jEZv49LeVJMn4yGwsbzZworEoyEiutsN3nJYdbO36zfhGJ6QEDpOZIFkDtnq5JRxmvl3jsoQ=="],

    "is-glob": ["is-glob@4.0.3", "", { "dependencies": { "is-extglob": "^2.1.1" } }, "sha512-xelSayHH36ZgE7ZWhli7pW34hNbNl8Ojv5KVmkJD4hBdD3th8Tfk9vYasLM+mXWOZhFkgZfxhLSnrwRr4elSSg=="],

    "is-number": ["is-number@7.0.0", "", {}, "sha512-41Cifkg6e8TylSpdtTpeLVMqvSBEVzTttHvERD741+pnZ8ANv0004MRL43QKPDlK9cGvNp6NZWZUBlbGXYxxng=="],

    "json-server": ["json-server@1.0.0-beta.3", "", { "dependencies": { "@tinyhttp/app": "^2.4.0", "@tinyhttp/cors": "^2.0.1", "@tinyhttp/logger": "^2.0.0", "chalk": "^5.3.0", "chokidar": "^4.0.1", "dot-prop": "^9.0.0", "eta": "^3.5.0", "inflection": "^3.0.0", "json5": "^2.2.3", "lowdb": "^7.0.1", "milliparsec": "^4.0.0", "sirv": "^2.0.4", "sort-on": "^6.1.0" }, "bin": "lib/bin.js" }, "sha512-DwE69Ep5ccwIJZBUIWEENC30Yj8bwr4Ax9W9VoIWAYnB8Sj4ReptscO8/DRHv/nXwVlmb3Bk73Ls86+VZdYkkA=="],

    "json5": ["json5@2.2.3", "", { "bin": "lib/cli.js" }, "sha512-XmOWe7eyHYH14cLdVPoyg+GOH3rYX++KpzrylJwSW98t3Nk+U8XOl8FWKOgwtzdb8lXGf6zYwDUzeHMWfxasyg=="],

    "lowdb": ["lowdb@7.0.1", "", { "dependencies": { "steno": "^4.0.2" } }, "sha512-neJAj8GwF0e8EpycYIDFqEPcx9Qz4GUho20jWFR7YiFeXzF1YMLdxB36PypcTSPMA+4+LvgyMacYhlr18Zlymw=="],

    "micromatch": ["micromatch@4.0.8", "", { "dependencies": { "braces": "^3.0.3", "picomatch": "^2.3.1" } }, "sha512-PXwfBhYu0hBCPw8Dn0E+WDYb7af3dSLVWKi3HGv84IdF4TyFoC0ysxFd0Goxw7nSv4T/PzEJQxsYsEiFCKo2BA=="],

    "milliparsec": ["milliparsec@4.0.0", "", {}, "sha512-/wk9d4Z6/9ZvoEH/6BI4TrTCgmkpZPuSRN/6fI9aUHOfXdNTuj/VhLS7d+NqG26bi6L9YmGXutVYvWC8zQ0qtA=="],

    "mime": ["mime@4.0.4", "", { "bin": "bin/cli.js" }, "sha512-v8yqInVjhXyqP6+Kw4fV3ZzeMRqEW6FotRsKXjRS5VMTNIuXsdRoAvklpoRgSqXm6o9VNH4/C0mgedko9DdLsQ=="],

    "mrmime": ["mrmime@2.0.0", "", {}, "sha512-eu38+hdgojoyq63s+yTpN4XMBdt5l8HhMhc4VKLO9KM5caLIBvUm4thi7fFaxyTmCKeNnXZ5pAlBwCUnhA09uw=="],

    "negotiator": ["negotiator@0.6.4", "", {}, "sha512-myRT3DiWPHqho5PrJaIRyaMv2kgYf0mUVgBNOYMuCH5Ki1yEiQaf/ZJuQ62nvpc44wL5WDbTX7yGJi1Neevw8w=="],

    "node-addon-api": ["node-addon-api@7.1.1", "", {}, "sha512-5m3bsyrjFWE1xf7nz7YXdN4udnVtXK6/Yfgn5qnahL6bCkf2yKt4k3nuTKAtT4r3IG8JNR2ncsIMdZuAzJjHQQ=="],

    "picomatch": ["picomatch@2.3.1", "", {}, "sha512-JU3teHTNjmE2VCGFzuY8EXzCDVwEqB2a8fsIvwaStHhAWJEeVd1o1QD80CU6+ZdEXXSLbSsuLwJjkCBWqRQUVA=="],

    "react": ["react@19.0.0", "", {}, "sha512-V8AVnmPIICiWpGfm6GLzCR/W5FXLchHop40W4nXBmdlEceh16rCN8O8LNWm5bh5XUX91fh7KpA+W0TgMKmgTpQ=="],

    "react-app": ["react-app@1.1.2", "", { "bin": { "react-app": "./bin/react-app.js" } }, "sha512-4MrTmJWu3WDX3upmEyyHGhA15L0qtqJBDMoVZRjd5hrf8lEoX/ja/EOG31eppiyRTWpZGGigCwb2lzsI6ZKDFQ=="],

    "readdirp": ["readdirp@4.1.1", "", {}, "sha512-h80JrZu/MHUZCyHu5ciuoI0+WxsCxzxJTILn6Fs8rxSnFPh+UVHYfeIxK1nVGugMqkfC4vJcBOYbkfkwYK0+gw=="],

    "regexparam": ["regexparam@2.0.2", "", {}, "sha512-A1PeDEYMrkLrfyOwv2jwihXbo9qxdGD3atBYQA9JJgreAx8/7rC6IUkWOw2NQlOxLp2wL0ifQbh1HuidDfYA6w=="],

    "sass": ["sass@1.85.0", "", { "dependencies": { "chokidar": "^4.0.0", "immutable": "^5.0.2", "source-map-js": ">=0.6.2 <2.0.0" }, "optionalDependencies": { "@parcel/watcher": "^2.4.1" }, "bin": { "sass": "sass.js" } }, "sha512-3ToiC1xZ1Y8aU7+CkgCI/tqyuPXEmYGJXO7H4uqp0xkLXUqp88rQQ4j1HmP37xSJLbCJPaIiv+cT1y+grssrww=="],

    "sirv": ["sirv@2.0.4", "", { "dependencies": { "@polka/url": "^1.0.0-next.24", "mrmime": "^2.0.0", "totalist": "^3.0.0" } }, "sha512-94Bdh3cC2PKrbgSOUqTiGPWVZeSiXfKOVZNJniWoqrWrRkB1CJzBU3NEbiTsPcYy1lDsANA/THzS+9WBiy5nfQ=="],

    "sort-on": ["sort-on@6.1.0", "", { "dependencies": { "dot-prop": "^9.0.0" } }, "sha512-WTECP0nYNWO1n2g5bpsV0yZN9cBmZsF8ThHFbOqVN0HBFRoaQZLLEMvMmJlKHNPYQeVngeI5+jJzIfFqOIo1OA=="],

    "source-map-js": ["source-map-js@1.2.1", "", {}, "sha512-UXWMKhLOwVKb728IUtQPXxfYU+usdybtUrK/8uGE8CQMvrhOpwvzDBwj0QhSL7MQc7vIsISBG8VQ8+IDQxpfQA=="],

    "steno": ["steno@4.0.2", "", {}, "sha512-yhPIQXjrlt1xv7dyPQg2P17URmXbuM5pdGkpiMB3RenprfiBlvK415Lctfe0eshk90oA7/tNq7WEiMK8RSP39A=="],

    "tailwindcss": ["tailwindcss@4.0.3", "", {}, "sha512-ImmZF0Lon5RrQpsEAKGxRvHwCvMgSC4XVlFRqmbzTEDb/3wvin9zfEZrMwgsa3yqBbPqahYcVI6lulM2S7IZAA=="],

    "to-regex-range": ["to-regex-range@5.0.1", "", { "dependencies": { "is-number": "^7.0.0" } }, "sha512-65P7iz6X5yEr1cwcgvQxbbIw7Uk3gOy5dIdtZ4rDveLqhrdJP+Li/Hx6tyK0NEb+2GCyneCMJiGqrADCSNk8sQ=="],

    "totalist": ["totalist@3.0.1", "", {}, "sha512-sf4i37nQ2LBx4m3wB74y+ubopq6W/dIzXg0FDGjsYnZHVa1Da8FH853wlL2gtUhg+xJXjfk3kUZS3BRoQeoQBQ=="],

    "type-fest": ["type-fest@4.34.1", "", {}, "sha512-6kSc32kT0rbwxD6QL1CYe8IqdzN/J/ILMrNK+HMQCKH3insCDRY/3ITb0vcBss0a3t72fzh2YSzj8ko1HgwT3g=="],
  }
}
